// !$*UTF8*$!
{
	archiveVersion = 1;
	classes = {
	};
	objectVersion = 50;
	objects = {

/* Begin PBXBuildFile section */
		A154DEAA21BE52380019A6BB /* ADAssetPickerCell.m in Sources */ = {isa = PBXBuildFile; fileRef = A154DEA921BE52380019A6BB /* ADAssetPickerCell.m */; };
		A16A76B221B50E7C003A0D1B /* ADAssetPickerDataSource.m in Sources */ = {isa = PBXBuildFile; fileRef = A16A76B121B50E7C003A0D1B /* ADAssetPickerDataSource.m */; };
		A1A8A27121BF653300DA6211 /* ADImagePickerController.m in Sources */ = {isa = PBXBuildFile; fileRef = A1A8A27021BF653300DA6211 /* ADImagePickerController.m */; };
		A1A8A27621BFA25700DA6211 /* ADImagePickerTabBar.m in Sources */ = {isa = PBXBuildFile; fileRef = A1A8A27521BFA25700DA6211 /* ADImagePickerTabBar.m */; };
		A1F305C321A6560D00439CD2 /* AppDelegate.m in Sources */ = {isa = PBXBuildFile; fileRef = A1F305C221A6560D00439CD2 /* AppDelegate.m */; };
		A1F305C621A6560D00439CD2 /* ViewController.m in Sources */ = {isa = PBXBuildFile; fileRef = A1F305C521A6560D00439CD2 /* ViewController.m */; };
		A1F305CB21A6560F00439CD2 /* Assets.xcassets in Resources */ = {isa = PBXBuildFile; fileRef = A1F305CA21A6560F00439CD2 /* Assets.xcassets */; };
		A1F305CE21A6560F00439CD2 /* LaunchScreen.storyboard in Resources */ = {isa = PBXBuildFile; fileRef = A1F305CC21A6560F00439CD2 /* LaunchScreen.storyboard */; };
		A1F305D121A6560F00439CD2 /* main.m in Sources */ = {isa = PBXBuildFile; fileRef = A1F305D021A6560F00439CD2 /* main.m */; };
		A1F305DB21A6561000439CD2 /* ADImageBPETests.m in Sources */ = {isa = PBXBuildFile; fileRef = A1F305DA21A6561000439CD2 /* ADImageBPETests.m */; };
		A1F305ED21A6570400439CD2 /* ADImageBrowserController.m in Sources */ = {isa = PBXBuildFile; fileRef = A1F305EC21A6570400439CD2 /* ADImageBrowserController.m */; };
		A1F305EE21A6570400439CD2 /* ADImageBrowserController.m in Sources */ = {isa = PBXBuildFile; fileRef = A1F305EC21A6570400439CD2 /* ADImageBrowserController.m */; };
		A1F305F121A6571C00439CD2 /* ADImageEditorController.m in Sources */ = {isa = PBXBuildFile; fileRef = A1F305F021A6571C00439CD2 /* ADImageEditorController.m */; };
		A1F305F221A6571C00439CD2 /* ADImageEditorController.m in Sources */ = {isa = PBXBuildFile; fileRef = A1F305F021A6571C00439CD2 /* ADImageEditorController.m */; };
		A1F305F521A6572D00439CD2 /* ADAssetPickerController.m in Sources */ = {isa = PBXBuildFile; fileRef = A1F305F421A6572D00439CD2 /* ADAssetPickerController.m */; };
		A1F305F621A6572D00439CD2 /* ADAssetPickerController.m in Sources */ = {isa = PBXBuildFile; fileRef = A1F305F421A6572D00439CD2 /* ADAssetPickerController.m */; };
		A1F305F921A6577500439CD2 /* ADImageBPEDefinition.m in Sources */ = {isa = PBXBuildFile; fileRef = A1F305F821A6577500439CD2 /* ADImageBPEDefinition.m */; };
		A1F305FA21A6577500439CD2 /* ADImageBPEDefinition.m in Sources */ = {isa = PBXBuildFile; fileRef = A1F305F821A6577500439CD2 /* ADImageBPEDefinition.m */; };
		A1F3060021A682EA00439CD2 /* 4.jpg in Resources */ = {isa = PBXBuildFile; fileRef = A1F305FC21A682EA00439CD2 /* 4.jpg */; };
		A1F3060121A682EA00439CD2 /* 4.jpg in Resources */ = {isa = PBXBuildFile; fileRef = A1F305FC21A682EA00439CD2 /* 4.jpg */; };
		A1F3060221A682EA00439CD2 /* 2.jpg in Resources */ = {isa = PBXBuildFile; fileRef = A1F305FD21A682EA00439CD2 /* 2.jpg */; };
		A1F3060321A682EA00439CD2 /* 2.jpg in Resources */ = {isa = PBXBuildFile; fileRef = A1F305FD21A682EA00439CD2 /* 2.jpg */; };
		A1F3060421A682EA00439CD2 /* 3.jpg in Resources */ = {isa = PBXBuildFile; fileRef = A1F305FE21A682EA00439CD2 /* 3.jpg */; };
		A1F3060521A682EA00439CD2 /* 3.jpg in Resources */ = {isa = PBXBuildFile; fileRef = A1F305FE21A682EA00439CD2 /* 3.jpg */; };
		A1F3060621A682EA00439CD2 /* 1.jpg in Resources */ = {isa = PBXBuildFile; fileRef = A1F305FF21A682EA00439CD2 /* 1.jpg */; };
		A1F3060721A682EA00439CD2 /* 1.jpg in Resources */ = {isa = PBXBuildFile; fileRef = A1F305FF21A682EA00439CD2 /* 1.jpg */; };
		A1F3060A21A6879900439CD2 /* ADImageBrowserDataSource.m in Sources */ = {isa = PBXBuildFile; fileRef = A1F3060921A6879900439CD2 /* ADImageBrowserDataSource.m */; };
		A1F3060B21A6879900439CD2 /* ADImageBrowserDataSource.m in Sources */ = {isa = PBXBuildFile; fileRef = A1F3060921A6879900439CD2 /* ADImageBrowserDataSource.m */; };
		A1F3060E21A68C6600439CD2 /* ADImageBrowserCell.m in Sources */ = {isa = PBXBuildFile; fileRef = A1F3060D21A68C6600439CD2 /* ADImageBrowserCell.m */; };
		A1F3060F21A68C6600439CD2 /* ADImageBrowserCell.m in Sources */ = {isa = PBXBuildFile; fileRef = A1F3060D21A68C6600439CD2 /* ADImageBrowserCell.m */; };
		AF7651F5CD631BF0029E0385 /* libPods-ADImageBPE.a in Frameworks */ = {isa = PBXBuildFile; fileRef = 66ED86EC44F499A65E51DF2C /* libPods-ADImageBPE.a */; };
/* End PBXBuildFile section */

/* Begin PBXContainerItemProxy section */
		A1F305D721A6561000439CD2 /* PBXContainerItemProxy */ = {
			isa = PBXContainerItemProxy;
			containerPortal = A1F305B621A6560C00439CD2 /* Project object */;
			proxyType = 1;
			remoteGlobalIDString = A1F305BD21A6560D00439CD2;
			remoteInfo = ADImageBPE;
		};
/* End PBXContainerItemProxy section */

/* Begin PBXFileReference section */
		66ED86EC44F499A65E51DF2C /* libPods-ADImageBPE.a */ = {isa = PBXFileReference; explicitFileType = archive.ar; includeInIndex = 0; path = "libPods-ADImageBPE.a"; sourceTree = BUILT_PRODUCTS_DIR; };
		A154DEA821BE52380019A6BB /* ADAssetPickerCell.h */ = {isa = PBXFileReference; lastKnownFileType = sourcecode.c.h; path = ADAssetPickerCell.h; sourceTree = "<group>"; };
		A154DEA921BE52380019A6BB /* ADAssetPickerCell.m */ = {isa = PBXFileReference; lastKnownFileType = sourcecode.c.objc; path = ADAssetPickerCell.m; sourceTree = "<group>"; };
		A16A76B021B50E7C003A0D1B /* ADAssetPickerDataSource.h */ = {isa = PBXFileReference; lastKnownFileType = sourcecode.c.h; path = ADAssetPickerDataSource.h; sourceTree = "<group>"; };
		A16A76B121B50E7C003A0D1B /* ADAssetPickerDataSource.m */ = {isa = PBXFileReference; lastKnownFileType = sourcecode.c.objc; path = ADAssetPickerDataSource.m; sourceTree = "<group>"; };
		A1A8A26F21BF653300DA6211 /* ADImagePickerController.h */ = {isa = PBXFileReference; lastKnownFileType = sourcecode.c.h; path = ADImagePickerController.h; sourceTree = "<group>"; };
		A1A8A27021BF653300DA6211 /* ADImagePickerController.m */ = {isa = PBXFileReference; lastKnownFileType = sourcecode.c.objc; path = ADImagePickerController.m; sourceTree = "<group>"; };
		A1A8A27321BF65FF00DA6211 /* ADAssetPickerController.h */ = {isa = PBXFileReference; fileEncoding = 4; lastKnownFileType = sourcecode.c.h; path = ADAssetPickerController.h; sourceTree = "<group>"; };
		A1A8A27421BFA25700DA6211 /* ADImagePickerTabBar.h */ = {isa = PBXFileReference; lastKnownFileType = sourcecode.c.h; path = ADImagePickerTabBar.h; sourceTree = "<group>"; };
		A1A8A27521BFA25700DA6211 /* ADImagePickerTabBar.m */ = {isa = PBXFileReference; lastKnownFileType = sourcecode.c.objc; path = ADImagePickerTabBar.m; sourceTree = "<group>"; };
		A1F305BE21A6560D00439CD2 /* ADImageBPE.app */ = {isa = PBXFileReference; explicitFileType = wrapper.application; includeInIndex = 0; path = ADImageBPE.app; sourceTree = BUILT_PRODUCTS_DIR; };
		A1F305C121A6560D00439CD2 /* AppDelegate.h */ = {isa = PBXFileReference; lastKnownFileType = sourcecode.c.h; path = AppDelegate.h; sourceTree = "<group>"; };
		A1F305C221A6560D00439CD2 /* AppDelegate.m */ = {isa = PBXFileReference; lastKnownFileType = sourcecode.c.objc; path = AppDelegate.m; sourceTree = "<group>"; };
		A1F305C421A6560D00439CD2 /* ViewController.h */ = {isa = PBXFileReference; lastKnownFileType = sourcecode.c.h; path = ViewController.h; sourceTree = "<group>"; };
		A1F305C521A6560D00439CD2 /* ViewController.m */ = {isa = PBXFileReference; lastKnownFileType = sourcecode.c.objc; path = ViewController.m; sourceTree = "<group>"; };
		A1F305CA21A6560F00439CD2 /* Assets.xcassets */ = {isa = PBXFileReference; lastKnownFileType = folder.assetcatalog; path = Assets.xcassets; sourceTree = "<group>"; };
		A1F305CD21A6560F00439CD2 /* Base */ = {isa = PBXFileReference; lastKnownFileType = file.storyboard; name = Base; path = Base.lproj/LaunchScreen.storyboard; sourceTree = "<group>"; };
		A1F305CF21A6560F00439CD2 /* Info.plist */ = {isa = PBXFileReference; lastKnownFileType = text.plist.xml; path = Info.plist; sourceTree = "<group>"; };
		A1F305D021A6560F00439CD2 /* main.m */ = {isa = PBXFileReference; lastKnownFileType = sourcecode.c.objc; path = main.m; sourceTree = "<group>"; };
		A1F305D621A6561000439CD2 /* ADImageBPETests.xctest */ = {isa = PBXFileReference; explicitFileType = wrapper.cfbundle; includeInIndex = 0; path = ADImageBPETests.xctest; sourceTree = BUILT_PRODUCTS_DIR; };
		A1F305DA21A6561000439CD2 /* ADImageBPETests.m */ = {isa = PBXFileReference; lastKnownFileType = sourcecode.c.objc; path = ADImageBPETests.m; sourceTree = "<group>"; };
		A1F305DC21A6561000439CD2 /* Info.plist */ = {isa = PBXFileReference; lastKnownFileType = text.plist.xml; path = Info.plist; sourceTree = "<group>"; };
		A1F305E621A6567A00439CD2 /* ADImageBPE.h */ = {isa = PBXFileReference; lastKnownFileType = sourcecode.c.h; path = ADImageBPE.h; sourceTree = "<group>"; };
		A1F305EB21A6570400439CD2 /* ADImageBrowserController.h */ = {isa = PBXFileReference; lastKnownFileType = sourcecode.c.h; path = ADImageBrowserController.h; sourceTree = "<group>"; };
		A1F305EC21A6570400439CD2 /* ADImageBrowserController.m */ = {isa = PBXFileReference; lastKnownFileType = sourcecode.c.objc; path = ADImageBrowserController.m; sourceTree = "<group>"; };
		A1F305EF21A6571C00439CD2 /* ADImageEditorController.h */ = {isa = PBXFileReference; lastKnownFileType = sourcecode.c.h; path = ADImageEditorController.h; sourceTree = "<group>"; };
		A1F305F021A6571C00439CD2 /* ADImageEditorController.m */ = {isa = PBXFileReference; lastKnownFileType = sourcecode.c.objc; path = ADImageEditorController.m; sourceTree = "<group>"; };
		A1F305F421A6572D00439CD2 /* ADAssetPickerController.m */ = {isa = PBXFileReference; lastKnownFileType = sourcecode.c.objc; path = ADAssetPickerController.m; sourceTree = "<group>"; };
		A1F305F721A6577500439CD2 /* ADImageBPEDefinition.h */ = {isa = PBXFileReference; lastKnownFileType = sourcecode.c.h; path = ADImageBPEDefinition.h; sourceTree = "<group>"; };
		A1F305F821A6577500439CD2 /* ADImageBPEDefinition.m */ = {isa = PBXFileReference; lastKnownFileType = sourcecode.c.objc; path = ADImageBPEDefinition.m; sourceTree = "<group>"; };
		A1F305FC21A682EA00439CD2 /* 4.jpg */ = {isa = PBXFileReference; lastKnownFileType = image.jpeg; path = 4.jpg; sourceTree = "<group>"; };
		A1F305FD21A682EA00439CD2 /* 2.jpg */ = {isa = PBXFileReference; lastKnownFileType = image.jpeg; path = 2.jpg; sourceTree = "<group>"; };
		A1F305FE21A682EA00439CD2 /* 3.jpg */ = {isa = PBXFileReference; lastKnownFileType = image.jpeg; path = 3.jpg; sourceTree = "<group>"; };
		A1F305FF21A682EA00439CD2 /* 1.jpg */ = {isa = PBXFileReference; lastKnownFileType = image.jpeg; path = 1.jpg; sourceTree = "<group>"; };
		A1F3060821A6879900439CD2 /* ADImageBrowserDataSource.h */ = {isa = PBXFileReference; lastKnownFileType = sourcecode.c.h; path = ADImageBrowserDataSource.h; sourceTree = "<group>"; };
		A1F3060921A6879900439CD2 /* ADImageBrowserDataSource.m */ = {isa = PBXFileReference; lastKnownFileType = sourcecode.c.objc; path = ADImageBrowserDataSource.m; sourceTree = "<group>"; };
		A1F3060C21A68C6600439CD2 /* ADImageBrowserCell.h */ = {isa = PBXFileReference; lastKnownFileType = sourcecode.c.h; path = ADImageBrowserCell.h; sourceTree = "<group>"; };
		A1F3060D21A68C6600439CD2 /* ADImageBrowserCell.m */ = {isa = PBXFileReference; lastKnownFileType = sourcecode.c.objc; path = ADImageBrowserCell.m; sourceTree = "<group>"; };
		AF4B1F7937BAA664D93C277C /* Pods-ADImageBPE.debug.xcconfig */ = {isa = PBXFileReference; includeInIndex = 1; lastKnownFileType = text.xcconfig; name = "Pods-ADImageBPE.debug.xcconfig"; path = "Pods/Target Support Files/Pods-ADImageBPE/Pods-ADImageBPE.debug.xcconfig"; sourceTree = "<group>"; };
		EDA2DDCCB2B1778C690585C5 /* Pods-ADImageBPE.release.xcconfig */ = {isa = PBXFileReference; includeInIndex = 1; lastKnownFileType = text.xcconfig; name = "Pods-ADImageBPE.release.xcconfig"; path = "Pods/Target Support Files/Pods-ADImageBPE/Pods-ADImageBPE.release.xcconfig"; sourceTree = "<group>"; };
/* End PBXFileReference section */

/* Begin PBXFrameworksBuildPhase section */
		A1F305BB21A6560D00439CD2 /* Frameworks */ = {
			isa = PBXFrameworksBuildPhase;
			buildActionMask = 2147483647;
			files = (
				AF7651F5CD631BF0029E0385 /* libPods-ADImageBPE.a in Frameworks */,
			);
			runOnlyForDeploymentPostprocessing = 0;
		};
		A1F305D321A6561000439CD2 /* Frameworks */ = {
			isa = PBXFrameworksBuildPhase;
			buildActionMask = 2147483647;
			files = (
			);
			runOnlyForDeploymentPostprocessing = 0;
		};
/* End PBXFrameworksBuildPhase section */

/* Begin PBXGroup section */
		60304F1BD54AAC6EC6491067 /* Frameworks */ = {
			isa = PBXGroup;
			children = (
				66ED86EC44F499A65E51DF2C /* libPods-ADImageBPE.a */,
			);
			name = Frameworks;
			sourceTree = "<group>";
		};
		A1F305B521A6560C00439CD2 = {
			isa = PBXGroup;
			children = (
				A1F305C021A6560D00439CD2 /* ADImageBPE */,
				A1F305D921A6561000439CD2 /* ADImageBPETests */,
				A1F305BF21A6560D00439CD2 /* Products */,
				B645F24C931BB2FB74B0C300 /* Pods */,
				60304F1BD54AAC6EC6491067 /* Frameworks */,
			);
			sourceTree = "<group>";
		};
		A1F305BF21A6560D00439CD2 /* Products */ = {
			isa = PBXGroup;
			children = (
				A1F305BE21A6560D00439CD2 /* ADImageBPE.app */,
				A1F305D621A6561000439CD2 /* ADImageBPETests.xctest */,
			);
			name = Products;
			sourceTree = "<group>";
		};
		A1F305C021A6560D00439CD2 /* ADImageBPE */ = {
			isa = PBXGroup;
			children = (
				A1F305E521A6566100439CD2 /* ADImageBPE */,
				A1F305FB21A682EA00439CD2 /* Images */,
				A1F305C121A6560D00439CD2 /* AppDelegate.h */,
				A1F305C221A6560D00439CD2 /* AppDelegate.m */,
				A1F305C421A6560D00439CD2 /* ViewController.h */,
				A1F305C521A6560D00439CD2 /* ViewController.m */,
				A1F305CA21A6560F00439CD2 /* Assets.xcassets */,
				A1F305CC21A6560F00439CD2 /* LaunchScreen.storyboard */,
				A1F305CF21A6560F00439CD2 /* Info.plist */,
				A1F305D021A6560F00439CD2 /* main.m */,
			);
			path = ADImageBPE;
			sourceTree = "<group>";
		};
		A1F305D921A6561000439CD2 /* ADImageBPETests */ = {
			isa = PBXGroup;
			children = (
				A1F305DA21A6561000439CD2 /* ADImageBPETests.m */,
				A1F305DC21A6561000439CD2 /* Info.plist */,
			);
			path = ADImageBPETests;
			sourceTree = "<group>";
		};
		A1F305E521A6566100439CD2 /* ADImageBPE */ = {
			isa = PBXGroup;
			children = (
				A1F305E621A6567A00439CD2 /* ADImageBPE.h */,
				A1F305E921A656D700439CD2 /* Browser */,
				A1F305E721A656D700439CD2 /* Editor */,
				A1F305EA21A656D700439CD2 /* Picker */,
				A1F305E821A656D700439CD2 /* Tool */,
			);
			path = ADImageBPE;
			sourceTree = "<group>";
		};
		A1F305E721A656D700439CD2 /* Editor */ = {
			isa = PBXGroup;
			children = (
				A1F305EF21A6571C00439CD2 /* ADImageEditorController.h */,
				A1F305F021A6571C00439CD2 /* ADImageEditorController.m */,
			);
			path = Editor;
			sourceTree = "<group>";
		};
		A1F305E821A656D700439CD2 /* Tool */ = {
			isa = PBXGroup;
			children = (
				A1F305F721A6577500439CD2 /* ADImageBPEDefinition.h */,
				A1F305F821A6577500439CD2 /* ADImageBPEDefinition.m */,
			);
			path = Tool;
			sourceTree = "<group>";
		};
		A1F305E921A656D700439CD2 /* Browser */ = {
			isa = PBXGroup;
			children = (
				A1F305EB21A6570400439CD2 /* ADImageBrowserController.h */,
				A1F305EC21A6570400439CD2 /* ADImageBrowserController.m */,
				A1F3060821A6879900439CD2 /* ADImageBrowserDataSource.h */,
				A1F3060921A6879900439CD2 /* ADImageBrowserDataSource.m */,
				A1F3060C21A68C6600439CD2 /* ADImageBrowserCell.h */,
				A1F3060D21A68C6600439CD2 /* ADImageBrowserCell.m */,
			);
			path = Browser;
			sourceTree = "<group>";
		};
		A1F305EA21A656D700439CD2 /* Picker */ = {
			isa = PBXGroup;
			children = (
				A1A8A26F21BF653300DA6211 /* ADImagePickerController.h */,
				A1A8A27021BF653300DA6211 /* ADImagePickerController.m */,
				A1A8A27321BF65FF00DA6211 /* ADAssetPickerController.h */,
				A1F305F421A6572D00439CD2 /* ADAssetPickerController.m */,
				A16A76B021B50E7C003A0D1B /* ADAssetPickerDataSource.h */,
				A16A76B121B50E7C003A0D1B /* ADAssetPickerDataSource.m */,
				A154DEA821BE52380019A6BB /* ADAssetPickerCell.h */,
				A154DEA921BE52380019A6BB /* ADAssetPickerCell.m */,
				A1A8A27421BFA25700DA6211 /* ADImagePickerTabBar.h */,
				A1A8A27521BFA25700DA6211 /* ADImagePickerTabBar.m */,
			);
			path = Picker;
			sourceTree = "<group>";
		};
		A1F305FB21A682EA00439CD2 /* Images */ = {
			isa = PBXGroup;
			children = (
				A1F305FC21A682EA00439CD2 /* 4.jpg */,
				A1F305FD21A682EA00439CD2 /* 2.jpg */,
				A1F305FE21A682EA00439CD2 /* 3.jpg */,
				A1F305FF21A682EA00439CD2 /* 1.jpg */,
			);
			path = Images;
			sourceTree = "<group>";
		};
		B645F24C931BB2FB74B0C300 /* Pods */ = {
			isa = PBXGroup;
			children = (
				AF4B1F7937BAA664D93C277C /* Pods-ADImageBPE.debug.xcconfig */,
				EDA2DDCCB2B1778C690585C5 /* Pods-ADImageBPE.release.xcconfig */,
			);
			name = Pods;
			sourceTree = "<group>";
		};
/* End PBXGroup section */

/* Begin PBXNativeTarget section */
		A1F305BD21A6560D00439CD2 /* ADImageBPE */ = {
			isa = PBXNativeTarget;
			buildConfigurationList = A1F305DF21A6561000439CD2 /* Build configuration list for PBXNativeTarget "ADImageBPE" */;
			buildPhases = (
				976E04A631C93AC5175785E0 /* [CP] Check Pods Manifest.lock */,
				A1F305BA21A6560D00439CD2 /* Sources */,
				A1F305BB21A6560D00439CD2 /* Frameworks */,
				A1F305BC21A6560D00439CD2 /* Resources */,
			);
			buildRules = (
			);
			dependencies = (
			);
			name = ADImageBPE;
			productName = ADImageBPE;
			productReference = A1F305BE21A6560D00439CD2 /* ADImageBPE.app */;
			productType = "com.apple.product-type.application";
		};
		A1F305D521A6561000439CD2 /* ADImageBPETests */ = {
			isa = PBXNativeTarget;
			buildConfigurationList = A1F305E221A6561000439CD2 /* Build configuration list for PBXNativeTarget "ADImageBPETests" */;
			buildPhases = (
				A1F305D221A6561000439CD2 /* Sources */,
				A1F305D321A6561000439CD2 /* Frameworks */,
				A1F305D421A6561000439CD2 /* Resources */,
			);
			buildRules = (
			);
			dependencies = (
				A1F305D821A6561000439CD2 /* PBXTargetDependency */,
			);
			name = ADImageBPETests;
			productName = ADImageBPETests;
			productReference = A1F305D621A6561000439CD2 /* ADImageBPETests.xctest */;
			productType = "com.apple.product-type.bundle.unit-test";
		};
/* End PBXNativeTarget section */

/* Begin PBXProject section */
		A1F305B621A6560C00439CD2 /* Project object */ = {
			isa = PBXProject;
			attributes = {
				LastUpgradeCheck = 1010;
				ORGANIZATIONNAME = Andy;
				TargetAttributes = {
					A1F305BD21A6560D00439CD2 = {
						CreatedOnToolsVersion = 10.1;
					};
					A1F305D521A6561000439CD2 = {
						CreatedOnToolsVersion = 10.1;
						TestTargetID = A1F305BD21A6560D00439CD2;
					};
				};
			};
			buildConfigurationList = A1F305B921A6560C00439CD2 /* Build configuration list for PBXProject "ADImageBPE" */;
			compatibilityVersion = "Xcode 9.3";
			developmentRegion = en;
			hasScannedForEncodings = 0;
			knownRegions = (
				en,
				Base,
			);
			mainGroup = A1F305B521A6560C00439CD2;
			productRefGroup = A1F305BF21A6560D00439CD2 /* Products */;
			projectDirPath = "";
			projectRoot = "";
			targets = (
				A1F305BD21A6560D00439CD2 /* ADImageBPE */,
				A1F305D521A6561000439CD2 /* ADImageBPETests */,
			);
		};
/* End PBXProject section */

/* Begin PBXResourcesBuildPhase section */
		A1F305BC21A6560D00439CD2 /* Resources */ = {
			isa = PBXResourcesBuildPhase;
			buildActionMask = 2147483647;
			files = (
				A1F3060021A682EA00439CD2 /* 4.jpg in Resources */,
				A1F305CE21A6560F00439CD2 /* LaunchScreen.storyboard in Resources */,
				A1F3060221A682EA00439CD2 /* 2.jpg in Resources */,
				A1F3060421A682EA00439CD2 /* 3.jpg in Resources */,
				A1F305CB21A6560F00439CD2 /* Assets.xcassets in Resources */,
				A1F3060621A682EA00439CD2 /* 1.jpg in Resources */,
			);
			runOnlyForDeploymentPostprocessing = 0;
		};
		A1F305D421A6561000439CD2 /* Resources */ = {
			isa = PBXResourcesBuildPhase;
			buildActionMask = 2147483647;
			files = (
				A1F3060521A682EA00439CD2 /* 3.jpg in Resources */,
				A1F3060721A682EA00439CD2 /* 1.jpg in Resources */,
				A1F3060321A682EA00439CD2 /* 2.jpg in Resources */,
				A1F3060121A682EA00439CD2 /* 4.jpg in Resources */,
			);
			runOnlyForDeploymentPostprocessing = 0;
		};
/* End PBXResourcesBuildPhase section */

/* Begin PBXShellScriptBuildPhase section */
		976E04A631C93AC5175785E0 /* [CP] Check Pods Manifest.lock */ = {
			isa = PBXShellScriptBuildPhase;
			buildActionMask = 2147483647;
			files = (
			);
			inputPaths = (
				"${PODS_PODFILE_DIR_PATH}/Podfile.lock",
				"${PODS_ROOT}/Manifest.lock",
			);
			name = "[CP] Check Pods Manifest.lock";
			outputPaths = (
				"$(DERIVED_FILE_DIR)/Pods-ADImageBPE-checkManifestLockResult.txt",
			);
			runOnlyForDeploymentPostprocessing = 0;
			shellPath = /bin/sh;
			shellScript = "diff \"${PODS_PODFILE_DIR_PATH}/Podfile.lock\" \"${PODS_ROOT}/Manifest.lock\" > /dev/null\nif [ $? != 0 ] ; then\n    # print error to STDERR\n    echo \"error: The sandbox is not in sync with the Podfile.lock. Run 'pod install' or update your CocoaPods installation.\" >&2\n    exit 1\nfi\n# This output is used by Xcode 'outputs' to avoid re-running this script phase.\necho \"SUCCESS\" > \"${SCRIPT_OUTPUT_FILE_0}\"\n";
			showEnvVarsInLog = 0;
		};
/* End PBXShellScriptBuildPhase section */

/* Begin PBXSourcesBuildPhase section */
		A1F305BA21A6560D00439CD2 /* Sources */ = {
			isa = PBXSourcesBuildPhase;
			buildActionMask = 2147483647;
			files = (
				A154DEAA21BE52380019A6BB /* ADAssetPickerCell.m in Sources */,
				A1A8A27621BFA25700DA6211 /* ADImagePickerTabBar.m in Sources */,
				A1F305F521A6572D00439CD2 /* ADAssetPickerController.m in Sources */,
				A16A76B221B50E7C003A0D1B /* ADAssetPickerDataSource.m in Sources */,
				A1F305C621A6560D00439CD2 /* ViewController.m in Sources */,
				A1F305F921A6577500439CD2 /* ADImageBPEDefinition.m in Sources */,
				A1F305ED21A6570400439CD2 /* ADImageBrowserController.m in Sources */,
				A1F3060A21A6879900439CD2 /* ADImageBrowserDataSource.m in Sources */,
				A1F3060E21A68C6600439CD2 /* ADImageBrowserCell.m in Sources */,
				A1A8A27121BF653300DA6211 /* ADImagePickerController.m in Sources */,
				A1F305D121A6560F00439CD2 /* main.m in Sources */,
				A1F305C321A6560D00439CD2 /* AppDelegate.m in Sources */,
				A1F305F121A6571C00439CD2 /* ADImageEditorController.m in Sources */,
			);
			runOnlyForDeploymentPostprocessing = 0;
		};
		A1F305D221A6561000439CD2 /* Sources */ = {
			isa = PBXSourcesBuildPhase;
			buildActionMask = 2147483647;
			files = (
				A1F305DB21A6561000439CD2 /* ADImageBPETests.m in Sources */,
				A1F305EE21A6570400439CD2 /* ADImageBrowserController.m in Sources */,
				A1F3060F21A68C6600439CD2 /* ADImageBrowserCell.m in Sources */,
				A1F3060B21A6879900439CD2 /* ADImageBrowserDataSource.m in Sources */,
				A1F305F621A6572D00439CD2 /* ADAssetPickerController.m in Sources */,
				A1F305FA21A6577500439CD2 /* ADImageBPEDefinition.m in Sources */,
				A1F305F221A6571C00439CD2 /* ADImageEditorController.m in Sources */,
			);
			runOnlyForDeploymentPostprocessing = 0;
		};
/* End PBXSourcesBuildPhase section */

/* Begin PBXTargetDependency section */
		A1F305D821A6561000439CD2 /* PBXTargetDependency */ = {
			isa = PBXTargetDependency;
			target = A1F305BD21A6560D00439CD2 /* ADImageBPE */;
			targetProxy = A1F305D721A6561000439CD2 /* PBXContainerItemProxy */;
		};
/* End PBXTargetDependency section */

/* Begin PBXVariantGroup section */
		A1F305CC21A6560F00439CD2 /* LaunchScreen.storyboard */ = {
			isa = PBXVariantGroup;
			children = (
				A1F305CD21A6560F00439CD2 /* Base */,
			);
			name = LaunchScreen.storyboard;
			sourceTree = "<group>";
		};
/* End PBXVariantGroup section */

/* Begin XCBuildConfiguration section */
		A1F305DD21A6561000439CD2 /* Debug */ = {
			isa = XCBuildConfiguration;
			buildSettings = {
				ALWAYS_SEARCH_USER_PATHS = NO;
				CLANG_ANALYZER_NONNULL = YES;
				CLANG_ANALYZER_NUMBER_OBJECT_CONVERSION = YES_AGGRESSIVE;
				CLANG_CXX_LANGUAGE_STANDARD = "gnu++14";
				CLANG_CXX_LIBRARY = "libc++";
				CLANG_ENABLE_MODULES = YES;
				CLANG_ENABLE_OBJC_ARC = YES;
				CLANG_ENABLE_OBJC_WEAK = YES;
				CLANG_WARN_BLOCK_CAPTURE_AUTORELEASING = YES;
				CLANG_WARN_BOOL_CONVERSION = YES;
				CLANG_WARN_COMMA = YES;
				CLANG_WARN_CONSTANT_CONVERSION = YES;
				CLANG_WARN_DEPRECATED_OBJC_IMPLEMENTATIONS = YES;
				CLANG_WARN_DIRECT_OBJC_ISA_USAGE = YES_ERROR;
				CLANG_WARN_DOCUMENTATION_COMMENTS = YES;
				CLANG_WARN_EMPTY_BODY = YES;
				CLANG_WARN_ENUM_CONVERSION = YES;
				CLANG_WARN_INFINITE_RECURSION = YES;
				CLANG_WARN_INT_CONVERSION = YES;
				CLANG_WARN_NON_LITERAL_NULL_CONVERSION = YES;
				CLANG_WARN_OBJC_IMPLICIT_RETAIN_SELF = YES;
				CLANG_WARN_OBJC_LITERAL_CONVERSION = YES;
				CLANG_WARN_OBJC_ROOT_CLASS = YES_ERROR;
				CLANG_WARN_RANGE_LOOP_ANALYSIS = YES;
				CLANG_WARN_STRICT_PROTOTYPES = YES;
				CLANG_WARN_SUSPICIOUS_MOVE = YES;
				CLANG_WARN_UNGUARDED_AVAILABILITY = YES_AGGRESSIVE;
				CLANG_WARN_UNREACHABLE_CODE = YES;
				CLANG_WARN__DUPLICATE_METHOD_MATCH = YES;
				CODE_SIGN_IDENTITY = "iPhone Developer";
				COPY_PHASE_STRIP = NO;
				DEBUG_INFORMATION_FORMAT = dwarf;
				ENABLE_STRICT_OBJC_MSGSEND = YES;
				ENABLE_TESTABILITY = YES;
				GCC_C_LANGUAGE_STANDARD = gnu11;
				GCC_DYNAMIC_NO_PIC = NO;
				GCC_NO_COMMON_BLOCKS = YES;
				GCC_OPTIMIZATION_LEVEL = 0;
				GCC_PREPROCESSOR_DEFINITIONS = (
					"DEBUG=1",
					"$(inherited)",
				);
				GCC_WARN_64_TO_32_BIT_CONVERSION = YES;
				GCC_WARN_ABOUT_RETURN_TYPE = YES_ERROR;
				GCC_WARN_UNDECLARED_SELECTOR = YES;
				GCC_WARN_UNINITIALIZED_AUTOS = YES_AGGRESSIVE;
				GCC_WARN_UNUSED_FUNCTION = YES;
				GCC_WARN_UNUSED_VARIABLE = YES;
				IPHONEOS_DEPLOYMENT_TARGET = 12.1;
				MTL_ENABLE_DEBUG_INFO = INCLUDE_SOURCE;
				MTL_FAST_MATH = YES;
				ONLY_ACTIVE_ARCH = YES;
				SDKROOT = iphoneos;
			};
			name = Debug;
		};
		A1F305DE21A6561000439CD2 /* Release */ = {
			isa = XCBuildConfiguration;
			buildSettings = {
				ALWAYS_SEARCH_USER_PATHS = NO;
				CLANG_ANALYZER_NONNULL = YES;
				CLANG_ANALYZER_NUMBER_OBJECT_CONVERSION = YES_AGGRESSIVE;
				CLANG_CXX_LANGUAGE_STANDARD = "gnu++14";
				CLANG_CXX_LIBRARY = "libc++";
				CLANG_ENABLE_MODULES = YES;
				CLANG_ENABLE_OBJC_ARC = YES;
				CLANG_ENABLE_OBJC_WEAK = YES;
				CLANG_WARN_BLOCK_CAPTURE_AUTORELEASING = YES;
				CLANG_WARN_BOOL_CONVERSION = YES;
				CLANG_WARN_COMMA = YES;
				CLANG_WARN_CONSTANT_CONVERSION = YES;
				CLANG_WARN_DEPRECATED_OBJC_IMPLEMENTATIONS = YES;
				CLANG_WARN_DIRECT_OBJC_ISA_USAGE = YES_ERROR;
				CLANG_WARN_DOCUMENTATION_COMMENTS = YES;
				CLANG_WARN_EMPTY_BODY = YES;
				CLANG_WARN_ENUM_CONVERSION = YES;
				CLANG_WARN_INFINITE_RECURSION = YES;
				CLANG_WARN_INT_CONVERSION = YES;
				CLANG_WARN_NON_LITERAL_NULL_CONVERSION = YES;
				CLANG_WARN_OBJC_IMPLICIT_RETAIN_SELF = YES;
				CLANG_WARN_OBJC_LITERAL_CONVERSION = YES;
				CLANG_WARN_OBJC_ROOT_CLASS = YES_ERROR;
				CLANG_WARN_RANGE_LOOP_ANALYSIS = YES;
				CLANG_WARN_STRICT_PROTOTYPES = YES;
				CLANG_WARN_SUSPICIOUS_MOVE = YES;
				CLANG_WARN_UNGUARDED_AVAILABILITY = YES_AGGRESSIVE;
				CLANG_WARN_UNREACHABLE_CODE = YES;
				CLANG_WARN__DUPLICATE_METHOD_MATCH = YES;
				CODE_SIGN_IDENTITY = "iPhone Developer";
				COPY_PHASE_STRIP = NO;
				DEBUG_INFORMATION_FORMAT = "dwarf-with-dsym";
				ENABLE_NS_ASSERTIONS = NO;
				ENABLE_STRICT_OBJC_MSGSEND = YES;
				GCC_C_LANGUAGE_STANDARD = gnu11;
				GCC_NO_COMMON_BLOCKS = YES;
				GCC_WARN_64_TO_32_BIT_CONVERSION = YES;
				GCC_WARN_ABOUT_RETURN_TYPE = YES_ERROR;
				GCC_WARN_UNDECLARED_SELECTOR = YES;
				GCC_WARN_UNINITIALIZED_AUTOS = YES_AGGRESSIVE;
				GCC_WARN_UNUSED_FUNCTION = YES;
				GCC_WARN_UNUSED_VARIABLE = YES;
				IPHONEOS_DEPLOYMENT_TARGET = 12.1;
				MTL_ENABLE_DEBUG_INFO = NO;
				MTL_FAST_MATH = YES;
				SDKROOT = iphoneos;
				VALIDATE_PRODUCT = YES;
			};
			name = Release;
		};
		A1F305E021A6561000439CD2 /* Debug */ = {
			isa = XCBuildConfiguration;
			baseConfigurationReference = AF4B1F7937BAA664D93C277C /* Pods-ADImageBPE.debug.xcconfig */;
			buildSettings = {
				ASSETCATALOG_COMPILER_APPICON_NAME = AppIcon;
				CODE_SIGN_STYLE = Automatic;
				DEVELOPMENT_TEAM = T58F77STV4;
				INFOPLIST_FILE = ADImageBPE/Info.plist;
				IPHONEOS_DEPLOYMENT_TARGET = 9.0;
				LD_RUNPATH_SEARCH_PATHS = (
					"$(inherited)",
					"@executable_path/Frameworks",
				);
				PRODUCT_BUNDLE_IDENTIFIER = Andy.ADImageBPE;
				PRODUCT_NAME = "$(TARGET_NAME)";
				TARGETED_DEVICE_FAMILY = "1,2";
			};
			name = Debug;
		};
		A1F305E121A6561000439CD2 /* Release */ = {
			isa = XCBuildConfiguration;
			baseConfigurationReference = EDA2DDCCB2B1778C690585C5 /* Pods-ADImageBPE.release.xcconfig */;
			buildSettings = {
				ASSETCATALOG_COMPILER_APPICON_NAME = AppIcon;
				CODE_SIGN_STYLE = Automatic;
				DEVELOPMENT_TEAM = T58F77STV4;
				INFOPLIST_FILE = ADImageBPE/Info.plist;
				IPHONEOS_DEPLOYMENT_TARGET = 9.0;
				LD_RUNPATH_SEARCH_PATHS = (
					"$(inherited)",
					"@executable_path/Frameworks",
				);
				PRODUCT_BUNDLE_IDENTIFIER = Andy.ADImageBPE;
				PRODUCT_NAME = "$(TARGET_NAME)";
				TARGETED_DEVICE_FAMILY = "1,2";
			};
			name = Release;
		};
		A1F305E321A6561000439CD2 /* Debug */ = {
			isa = XCBuildConfiguration;
			buildSettings = {
				BUNDLE_LOADER = "$(TEST_HOST)";
				CODE_SIGN_STYLE = Automatic;
				DEVELOPMENT_TEAM = T58F77STV4;
				INFOPLIST_FILE = ADImageBPETests/Info.plist;
				LD_RUNPATH_SEARCH_PATHS = (
					"$(inherited)",
					"@executable_path/Frameworks",
					"@loader_path/Frameworks",
				);
				PRODUCT_BUNDLE_IDENTIFIER = Andy.ADImageBPETests;
				PRODUCT_NAME = "$(TARGET_NAME)";
				TARGETED_DEVICE_FAMILY = "1,2";
				TEST_HOST = "$(BUILT_PRODUCTS_DIR)/ADImageBPE.app/ADImageBPE";
			};
			name = Debug;
		};
		A1F305E421A6561000439CD2 /* Release */ = {
			isa = XCBuildConfiguration;
			buildSettings = {
				BUNDLE_LOADER = "$(TEST_HOST)";
				CODE_SIGN_STYLE = Automatic;
				DEVELOPMENT_TEAM = T58F77STV4;
				INFOPLIST_FILE = ADImageBPETests/Info.plist;
				LD_RUNPATH_SEARCH_PATHS = (
					"$(inherited)",
					"@executable_path/Frameworks",
					"@loader_path/Frameworks",
				);
				PRODUCT_BUNDLE_IDENTIFIER = Andy.ADImageBPETests;
				PRODUCT_NAME = "$(TARGET_NAME)";
				TARGETED_DEVICE_FAMILY = "1,2";
				TEST_HOST = "$(BUILT_PRODUCTS_DIR)/ADImageBPE.app/ADImageBPE";
			};
			name = Release;
		};
/* End XCBuildConfiguration section */

/* Begin XCConfigurationList section */
		A1F305B921A6560C00439CD2 /* Build configuration list for PBXProject "ADImageBPE" */ = {
			isa = XCConfigurationList;
			buildConfigurations = (
				A1F305DD21A6561000439CD2 /* Debug */,
				A1F305DE21A6561000439CD2 /* Release */,
			);
			defaultConfigurationIsVisible = 0;
			defaultConfigurationName = Release;
		};
		A1F305DF21A6561000439CD2 /* Build configuration list for PBXNativeTarget "ADImageBPE" */ = {
			isa = XCConfigurationList;
			buildConfigurations = (
				A1F305E021A6561000439CD2 /* Debug */,
				A1F305E121A6561000439CD2 /* Release */,
			);
			defaultConfigurationIsVisible = 0;
			defaultConfigurationName = Release;
		};
		A1F305E221A6561000439CD2 /* Build configuration list for PBXNativeTarget "ADImageBPETests" */ = {
			isa = XCConfigurationList;
			buildConfigurations = (
				A1F305E321A6561000439CD2 /* Debug */,
				A1F305E421A6561000439CD2 /* Release */,
			);
			defaultConfigurationIsVisible = 0;
			defaultConfigurationName = Release;
		};
/* End XCConfigurationList section */
	};
	rootObject = A1F305B621A6560C00439CD2 /* Project object */;
}
